{
  "name": "pi-hunk",
  "version": "0.2.0",
  "lockfileVersion": 3,
  "requires": true,
  "packages": {
    "": {
      "name": "pi-hunk",
      "version": "0.2.0",
      "license": "MIT",
      "dependencies": {
        "@coder/libghostty-vt-node": "0.1.0-beta.1",
        "zigpty": "0.2.1"
      },
      "engines": {
        "node": ">=22.19.0"
      }
    },
    "node_modules/@coder/libghostty-vt-node": {
      "version": "0.1.0-beta.1",
      "resolved": "https://registry.npmjs.org/@coder/libghostty-vt-node/-/libghostty-vt-node-0.1.0-beta.1.tgz",
      "integrity": "sha512-HUt/FN3XAu4p/xmrkPWcvXgbWOu5YX+8jCv3ZNJXHk6BvVNENdwBv1KmoB34ejuSVWQbiD2Vsiv27cnpphQv5g==",
      "hasInstallScript": true,
      "license": "MIT",
      "dependencies": {
        "node-addon-api": "^8.3.1",
        "node-gyp-build": "^4.8.4"
      },
      "engines": {
        "node": ">=20.19"
      }
    },
    "node_modules/node-addon-api": {
      "version": "8.9.2",
      "resolved": "https://registry.npmjs.org/node-addon-api/-/node-addon-api-8.9.2.tgz",
      "integrity": "sha512-VijLXbi3UACN69I0JVXJsX4tjACjNoQDgv2gTF6sx2wWEi8tkSg2eX8p5gSIFi8z2+DL3oHmY6OyKce38SDolg==",
      "license": "MIT",
      "engines": {
        "node": "^18 || ^20 || >= 21"
      }
    },
    "node_modules/node-gyp-build": {
      "version": "4.8.4",
      "resolved": "https://registry.npmjs.org/node-gyp-build/-/node-gyp-build-4.8.4.tgz",
      "integrity": "sha512-LA4ZjwlnUblHVgq0oBF3Jl/6h/Nvs5fzBLwdEF4nuxnFdsfajde4WfxtJr3CaiH+F6ewcIB/q4jQ4UzPyid+CQ==",
      "license": "MIT",
      "bin": {
        "node-gyp-build": "bin.js",
        "node-gyp-build-optional": "optional.js",
        "node-gyp-build-test": "build-test.js"
      }
    },
    "node_modules/zigpty": {
      "version": "0.2.1",
      "resolved": "https://registry.npmjs.org/zigpty/-/zigpty-0.2.1.tgz",
      "integrity": "sha512-MR9JqJx2wf5f4wz8zpx050AlqrmWeIW+1h0SO5iEyhG3HFRjY5luC3szS2ux2EGuPjE5OU9ZAuiCBeMWBTrqZw==",
      "workspaces": [
        "playground"
      ]
    }
  }
}
